
Microsoft Visual Studio Solution File, Format Version 12.00
# Visual Studio 2012
Project("{FAE04EC0-301F-11D3-BF4B-00C04F79EFBC}") = "Nicemusic.Winamp", "Nicemusic.Winamp\Nicemusic.Winamp.csproj", "{ACB8F5BA-7DE0-4D60-9447-342FB2F29FBC}"
EndProject
Project("{FAE04EC0-301F-11D3-BF4B-00C04F79EFBC}") = "Nicemusic.Application", "Nicemusic.Application\Nicemusic.Application.csproj", "{4F3A328C-1503-45C6-A33A-703E572B5B56}"
EndProject
Global
	GlobalSection(SolutionConfigurationPlatforms) = preSolution
		Debug|Any CPU = Debug|Any CPU
		Release|Any CPU = Release|Any CPU
	EndGlobalSection
	GlobalSection(ProjectConfigurationPlatforms) = postSolution
		{ACB8F5BA-7DE0-4D60-9447-342FB2F29FBC}.Debug|Any CPU.ActiveCfg = Debug|Any CPU
		{ACB8F5BA-7DE0-4D60-9447-342FB2F29FBC}.Debug|Any CPU.Build.0 = Debug|Any CPU
		{ACB8F5BA-7DE0-4D60-9447-342FB2F29FBC}.Release|Any CPU.ActiveCfg = Release|Any CPU
		{ACB8F5BA-7DE0-4D60-9447-342FB2F29FBC}.Release|Any CPU.Build.0 = Release|Any CPU
		{4F3A328C-1503-45C6-A33A-703E572B5B56}.Debug|Any CPU.ActiveCfg = Debug|Any CPU
		{4F3A328C-1503-45C6-A33A-703E572B5B56}.Debug|Any CPU.Build.0 = Debug|Any CPU
		{4F3A328C-1503-45C6-A33A-703E572B5B56}.Release|Any CPU.ActiveCfg = Release|Any CPU
		{4F3A328C-1503-45C6-A33A-703E572B5B56}.Release|Any CPU.Build.0 = Release|Any CPU
	EndGlobalSection
	GlobalSection(SolutionProperties) = preSolution
		HideSolutionNode = FALSE
	EndGlobalSection
EndGlobal
